{"1.2.0",
[{<<"hex_core">>,{pkg,<<"hex_core">>,<<"0.9.0">>},0},
 {<<"verl">>,{pkg,<<"verl">>,<<"1.1.1">>},0}]}.
[
{pkg_hash,[
 {<<"hex_core">>, <<"BA2B3B8F3FF821B9BAD0C9DAF4D6F76807BB4A13185E2A2EE6AD89F76FC5753C">>},
 {<<"verl">>, <<"98F3EC48B943AA4AE8E29742DE86A7CD752513687911FE07D2E00ECDF3107E45">>}]},
{pkg_hash_ext,[
 {<<"hex_core">>, <<"F160418B48511A08DFDB473814A8C8F95ED109878A74649464F13816036CC2F1">>},
 {<<"verl">>, <<"0925E51CD92A0A8BE271765B02430B2E2CFF8AC30EF24D123BD0D58511E8FB18">>}]}
].
